
Microsoft Visual Studio Solution File, Format Version 12.00
# Visual Studio Version 16
VisualStudioVersion = 16.0.31624.102
MinimumVisualStudioVersion = 10.0.40219.1
Project("{FAE04EC0-301F-11D3-BF4B-00C04F79EFBC}") = "FirebaseRepos", "FirebaseRepos\FirebaseRepos.csproj", "{BFFFC032-A26C-4638-88EB-C0B5FFB4ABC7}"
EndProject
Project("{9A19103F-16F7-4668-BE54-9A1E7A4F7556}") = "FirebaseRepos.Core", "FirebaseRepos.Core\FirebaseRepos.Core.csproj", "{3A8E37D4-77DA-4E41-8BAF-B6276BF66CAD}"
EndProject
Project("{FAE04EC0-301F-11D3-BF4B-00C04F79EFBC}") = "FirebaseRepos.WPFSimple", "FirebaseRepos.WPFSimple\FirebaseRepos.WPFSimple.csproj", "{419DC509-65A5-4578-8EE9-10D4C08D3268}"
EndProject
Project("{FAE04EC0-301F-11D3-BF4B-00C04F79EFBC}") = "FirebaseRepos.Base", "FirebaseRepos.Base\FirebaseRepos.Base.csproj", "{D267017F-2C09-4CFA-84AE-DE4F432D06DD}"
EndProject
Project("{FAE04EC0-301F-11D3-BF4B-00C04F79EFBC}") = "FirebaseRepos.RealTime", "FirebaseRepos.RealTime\FirebaseRepos.RealTime.csproj", "{596E950C-28FA-47C4-80DA-2749CD9B0D4B}"
EndProject
Project("{FAE04EC0-301F-11D3-BF4B-00C04F79EFBC}") = "FirebaseRepos.Base.Standard", "FirebaseRepos.Base.Standard\FirebaseRepos.Base.Standard.csproj", "{9E3F81E2-6C6C-4352-A7C7-1D27D697333B}"
EndProject
Global
	GlobalSection(SolutionConfigurationPlatforms) = preSolution
		Debug|Any CPU = Debug|Any CPU
		Release|Any CPU = Release|Any CPU
	EndGlobalSection
	GlobalSection(ProjectConfigurationPlatforms) = postSolution
		{BFFFC032-A26C-4638-88EB-C0B5FFB4ABC7}.Debug|Any CPU.ActiveCfg = Debug|Any CPU
		{BFFFC032-A26C-4638-88EB-C0B5FFB4ABC7}.Debug|Any CPU.Build.0 = Debug|Any CPU
		{BFFFC032-A26C-4638-88EB-C0B5FFB4ABC7}.Release|Any CPU.ActiveCfg = Release|Any CPU
		{BFFFC032-A26C-4638-88EB-C0B5FFB4ABC7}.Release|Any CPU.Build.0 = Release|Any CPU
		{3A8E37D4-77DA-4E41-8BAF-B6276BF66CAD}.Debug|Any CPU.ActiveCfg = Debug|Any CPU
		{3A8E37D4-77DA-4E41-8BAF-B6276BF66CAD}.Debug|Any CPU.Build.0 = Debug|Any CPU
		{3A8E37D4-77DA-4E41-8BAF-B6276BF66CAD}.Release|Any CPU.ActiveCfg = Release|Any CPU
		{3A8E37D4-77DA-4E41-8BAF-B6276BF66CAD}.Release|Any CPU.Build.0 = Release|Any CPU
		{419DC509-65A5-4578-8EE9-10D4C08D3268}.Debug|Any CPU.ActiveCfg = Debug|Any CPU
		{419DC509-65A5-4578-8EE9-10D4C08D3268}.Debug|Any CPU.Build.0 = Debug|Any CPU
		{419DC509-65A5-4578-8EE9-10D4C08D3268}.Release|Any CPU.ActiveCfg = Release|Any CPU
		{419DC509-65A5-4578-8EE9-10D4C08D3268}.Release|Any CPU.Build.0 = Release|Any CPU
		{D267017F-2C09-4CFA-84AE-DE4F432D06DD}.Debug|Any CPU.ActiveCfg = Debug|Any CPU
		{D267017F-2C09-4CFA-84AE-DE4F432D06DD}.Debug|Any CPU.Build.0 = Debug|Any CPU
		{D267017F-2C09-4CFA-84AE-DE4F432D06DD}.Release|Any CPU.ActiveCfg = Release|Any CPU
		{D267017F-2C09-4CFA-84AE-DE4F432D06DD}.Release|Any CPU.Build.0 = Release|Any CPU
		{596E950C-28FA-47C4-80DA-2749CD9B0D4B}.Debug|Any CPU.ActiveCfg = Debug|Any CPU
		{596E950C-28FA-47C4-80DA-2749CD9B0D4B}.Debug|Any CPU.Build.0 = Debug|Any CPU
		{596E950C-28FA-47C4-80DA-2749CD9B0D4B}.Release|Any CPU.ActiveCfg = Release|Any CPU
		{596E950C-28FA-47C4-80DA-2749CD9B0D4B}.Release|Any CPU.Build.0 = Release|Any CPU
		{9E3F81E2-6C6C-4352-A7C7-1D27D697333B}.Debug|Any CPU.ActiveCfg = Debug|Any CPU
		{9E3F81E2-6C6C-4352-A7C7-1D27D697333B}.Debug|Any CPU.Build.0 = Debug|Any CPU
		{9E3F81E2-6C6C-4352-A7C7-1D27D697333B}.Release|Any CPU.ActiveCfg = Release|Any CPU
		{9E3F81E2-6C6C-4352-A7C7-1D27D697333B}.Release|Any CPU.Build.0 = Release|Any CPU
	EndGlobalSection
	GlobalSection(SolutionProperties) = preSolution
		HideSolutionNode = FALSE
	EndGlobalSection
	GlobalSection(ExtensibilityGlobals) = postSolution
		SolutionGuid = {80CC1F25-8757-4157-B4CF-94EF6A5449FC}
	EndGlobalSection
EndGlobal
