
Microsoft Visual Studio Solution File, Format Version 12.00
# Visual Studio Version 17
VisualStudioVersion = 17.1.32228.430
MinimumVisualStudioVersion = 10.0.40219.1
Project("{FAE04EC0-301F-11D3-BF4B-00C04F79EFBC}") = "FirebaseRepos.Base", "FirebaseRepos.Base\FirebaseRepos.Base.csproj", "{D267017F-2C09-4CFA-84AE-DE4F432D06DD}"
EndProject
Project("{FAE04EC0-301F-11D3-BF4B-00C04F79EFBC}") = "FirebaseRepos.RealTime", "FirebaseRepos.RealTime\FirebaseRepos.RealTime.csproj", "{596E950C-28FA-47C4-80DA-2749CD9B0D4B}"
EndProject
Project("{FAE04EC0-301F-11D3-BF4B-00C04F79EFBC}") = "FirebaseRepos.FireStore", "FirebaseRepos.FireStore\FirebaseRepos.FireStore.csproj", "{89EA9EA0-9A77-4075-9B49-96BC5EED942F}"
EndProject
Project("{2150E333-8FDC-42A3-9474-1A3956D46DE8}") = "Src", "Src", "{18532885-7B21-43F7-B917-57647A0BE8ED}"
EndProject
Project("{2150E333-8FDC-42A3-9474-1A3956D46DE8}") = "Examples", "Examples", "{A604B867-907A-41C9-8916-2F1604DD5474}"
EndProject
Project("{2150E333-8FDC-42A3-9474-1A3956D46DE8}") = "UWP", "UWP", "{9A90F802-C269-4ADB-86BC-6D6F1F6536FD}"
EndProject
Project("{FAE04EC0-301F-11D3-BF4B-00C04F79EFBC}") = "FirebaseRepos.Base.UWP", "FirebaseRepos.Base.UWP\FirebaseRepos.Base.UWP.csproj", "{615AB3E0-B3B7-40C6-AB7F-71840D8767B4}"
EndProject
Project("{2150E333-8FDC-42A3-9474-1A3956D46DE8}") = ".NetFramework", ".NetFramework", "{AA790FA9-E9E9-438A-BA61-9AD25482528B}"
EndProject
Project("{2150E333-8FDC-42A3-9474-1A3956D46DE8}") = ".Net Standard", ".Net Standard", "{0B9A25F0-9B9F-4737-9446-90044A27D1B9}"
EndProject
Project("{9A19103F-16F7-4668-BE54-9A1E7A4F7556}") = "FirebaseRepos.Base.Standard", "FirebaseRepos.Base.Standard\FirebaseRepos.Base.Standard.csproj", "{FDF81231-E4AD-4FDE-912E-ECF5DDA79B63}"
EndProject
Project("{FAE04EC0-301F-11D3-BF4B-00C04F79EFBC}") = "FirebaseRepos.RealTime.UWP", "FirebaseRepos.RealTime.UWP\FirebaseRepos.RealTime.UWP.csproj", "{71E6894A-E2A7-46D4-B1D1-9F913BE790FE}"
EndProject
Project("{9A19103F-16F7-4668-BE54-9A1E7A4F7556}") = "FirebaseRepos.RealTime.Standard", "FirebaseRepos.RealTime.Standard\FirebaseRepos.RealTime.Standard.csproj", "{D7AD1D29-6848-4BE1-8AF5-9608AB6AFE70}"
EndProject
Project("{FAE04EC0-301F-11D3-BF4B-00C04F79EFBC}") = "FirebaseRepos.FireStore.UWP", "FirebaseRepos.FireStore.UWP\FirebaseRepos.FireStore.UWP.csproj", "{6E2DD0C7-0292-4A72-B82E-6974F5676007}"
EndProject
Project("{FAE04EC0-301F-11D3-BF4B-00C04F79EFBC}") = "FirebaseRepos.FireStore.Standard", "FirebaseRepos.FireStore.Standard\FirebaseRepos.FireStore.Standard.csproj", "{02E5F80C-A413-4816-A249-426BA2EEDFF5}"
EndProject
Global
	GlobalSection(SolutionConfigurationPlatforms) = preSolution
		Debug|Any CPU = Debug|Any CPU
		Debug|ARM = Debug|ARM
		Debug|ARM64 = Debug|ARM64
		Debug|x64 = Debug|x64
		Debug|x86 = Debug|x86
		Release|Any CPU = Release|Any CPU
		Release|ARM = Release|ARM
		Release|ARM64 = Release|ARM64
		Release|x64 = Release|x64
		Release|x86 = Release|x86
	EndGlobalSection
	GlobalSection(ProjectConfigurationPlatforms) = postSolution
		{D267017F-2C09-4CFA-84AE-DE4F432D06DD}.Debug|Any CPU.ActiveCfg = Debug|Any CPU
		{D267017F-2C09-4CFA-84AE-DE4F432D06DD}.Debug|Any CPU.Build.0 = Debug|Any CPU
		{D267017F-2C09-4CFA-84AE-DE4F432D06DD}.Debug|ARM.ActiveCfg = Debug|Any CPU
		{D267017F-2C09-4CFA-84AE-DE4F432D06DD}.Debug|ARM.Build.0 = Debug|Any CPU
		{D267017F-2C09-4CFA-84AE-DE4F432D06DD}.Debug|ARM64.ActiveCfg = Debug|Any CPU
		{D267017F-2C09-4CFA-84AE-DE4F432D06DD}.Debug|ARM64.Build.0 = Debug|Any CPU
		{D267017F-2C09-4CFA-84AE-DE4F432D06DD}.Debug|x64.ActiveCfg = Debug|Any CPU
		{D267017F-2C09-4CFA-84AE-DE4F432D06DD}.Debug|x64.Build.0 = Debug|Any CPU
		{D267017F-2C09-4CFA-84AE-DE4F432D06DD}.Debug|x86.ActiveCfg = Debug|Any CPU
		{D267017F-2C09-4CFA-84AE-DE4F432D06DD}.Debug|x86.Build.0 = Debug|Any CPU
		{D267017F-2C09-4CFA-84AE-DE4F432D06DD}.Release|Any CPU.ActiveCfg = Release|Any CPU
		{D267017F-2C09-4CFA-84AE-DE4F432D06DD}.Release|Any CPU.Build.0 = Release|Any CPU
		{D267017F-2C09-4CFA-84AE-DE4F432D06DD}.Release|ARM.ActiveCfg = Release|Any CPU
		{D267017F-2C09-4CFA-84AE-DE4F432D06DD}.Release|ARM.Build.0 = Release|Any CPU
		{D267017F-2C09-4CFA-84AE-DE4F432D06DD}.Release|ARM64.ActiveCfg = Release|Any CPU
		{D267017F-2C09-4CFA-84AE-DE4F432D06DD}.Release|ARM64.Build.0 = Release|Any CPU
		{D267017F-2C09-4CFA-84AE-DE4F432D06DD}.Release|x64.ActiveCfg = Release|Any CPU
		{D267017F-2C09-4CFA-84AE-DE4F432D06DD}.Release|x64.Build.0 = Release|Any CPU
		{D267017F-2C09-4CFA-84AE-DE4F432D06DD}.Release|x86.ActiveCfg = Release|Any CPU
		{D267017F-2C09-4CFA-84AE-DE4F432D06DD}.Release|x86.Build.0 = Release|Any CPU
		{596E950C-28FA-47C4-80DA-2749CD9B0D4B}.Debug|Any CPU.ActiveCfg = Debug|Any CPU
		{596E950C-28FA-47C4-80DA-2749CD9B0D4B}.Debug|Any CPU.Build.0 = Debug|Any CPU
		{596E950C-28FA-47C4-80DA-2749CD9B0D4B}.Debug|ARM.ActiveCfg = Debug|Any CPU
		{596E950C-28FA-47C4-80DA-2749CD9B0D4B}.Debug|ARM.Build.0 = Debug|Any CPU
		{596E950C-28FA-47C4-80DA-2749CD9B0D4B}.Debug|ARM64.ActiveCfg = Debug|Any CPU
		{596E950C-28FA-47C4-80DA-2749CD9B0D4B}.Debug|ARM64.Build.0 = Debug|Any CPU
		{596E950C-28FA-47C4-80DA-2749CD9B0D4B}.Debug|x64.ActiveCfg = Debug|Any CPU
		{596E950C-28FA-47C4-80DA-2749CD9B0D4B}.Debug|x64.Build.0 = Debug|Any CPU
		{596E950C-28FA-47C4-80DA-2749CD9B0D4B}.Debug|x86.ActiveCfg = Debug|Any CPU
		{596E950C-28FA-47C4-80DA-2749CD9B0D4B}.Debug|x86.Build.0 = Debug|Any CPU
		{596E950C-28FA-47C4-80DA-2749CD9B0D4B}.Release|Any CPU.ActiveCfg = Release|Any CPU
		{596E950C-28FA-47C4-80DA-2749CD9B0D4B}.Release|Any CPU.Build.0 = Release|Any CPU
		{596E950C-28FA-47C4-80DA-2749CD9B0D4B}.Release|ARM.ActiveCfg = Release|Any CPU
		{596E950C-28FA-47C4-80DA-2749CD9B0D4B}.Release|ARM.Build.0 = Release|Any CPU
		{596E950C-28FA-47C4-80DA-2749CD9B0D4B}.Release|ARM64.ActiveCfg = Release|Any CPU
		{596E950C-28FA-47C4-80DA-2749CD9B0D4B}.Release|ARM64.Build.0 = Release|Any CPU
		{596E950C-28FA-47C4-80DA-2749CD9B0D4B}.Release|x64.ActiveCfg = Release|Any CPU
		{596E950C-28FA-47C4-80DA-2749CD9B0D4B}.Release|x64.Build.0 = Release|Any CPU
		{596E950C-28FA-47C4-80DA-2749CD9B0D4B}.Release|x86.ActiveCfg = Release|Any CPU
		{596E950C-28FA-47C4-80DA-2749CD9B0D4B}.Release|x86.Build.0 = Release|Any CPU
		{89EA9EA0-9A77-4075-9B49-96BC5EED942F}.Debug|Any CPU.ActiveCfg = Debug|Any CPU
		{89EA9EA0-9A77-4075-9B49-96BC5EED942F}.Debug|Any CPU.Build.0 = Debug|Any CPU
		{89EA9EA0-9A77-4075-9B49-96BC5EED942F}.Debug|ARM.ActiveCfg = Debug|Any CPU
		{89EA9EA0-9A77-4075-9B49-96BC5EED942F}.Debug|ARM.Build.0 = Debug|Any CPU
		{89EA9EA0-9A77-4075-9B49-96BC5EED942F}.Debug|ARM64.ActiveCfg = Debug|Any CPU
		{89EA9EA0-9A77-4075-9B49-96BC5EED942F}.Debug|ARM64.Build.0 = Debug|Any CPU
		{89EA9EA0-9A77-4075-9B49-96BC5EED942F}.Debug|x64.ActiveCfg = Debug|Any CPU
		{89EA9EA0-9A77-4075-9B49-96BC5EED942F}.Debug|x64.Build.0 = Debug|Any CPU
		{89EA9EA0-9A77-4075-9B49-96BC5EED942F}.Debug|x86.ActiveCfg = Debug|Any CPU
		{89EA9EA0-9A77-4075-9B49-96BC5EED942F}.Debug|x86.Build.0 = Debug|Any CPU
		{89EA9EA0-9A77-4075-9B49-96BC5EED942F}.Release|Any CPU.ActiveCfg = Release|Any CPU
		{89EA9EA0-9A77-4075-9B49-96BC5EED942F}.Release|Any CPU.Build.0 = Release|Any CPU
		{89EA9EA0-9A77-4075-9B49-96BC5EED942F}.Release|ARM.ActiveCfg = Release|Any CPU
		{89EA9EA0-9A77-4075-9B49-96BC5EED942F}.Release|ARM.Build.0 = Release|Any CPU
		{89EA9EA0-9A77-4075-9B49-96BC5EED942F}.Release|ARM64.ActiveCfg = Release|Any CPU
		{89EA9EA0-9A77-4075-9B49-96BC5EED942F}.Release|ARM64.Build.0 = Release|Any CPU
		{89EA9EA0-9A77-4075-9B49-96BC5EED942F}.Release|x64.ActiveCfg = Release|Any CPU
		{89EA9EA0-9A77-4075-9B49-96BC5EED942F}.Release|x64.Build.0 = Release|Any CPU
		{89EA9EA0-9A77-4075-9B49-96BC5EED942F}.Release|x86.ActiveCfg = Release|Any CPU
		{89EA9EA0-9A77-4075-9B49-96BC5EED942F}.Release|x86.Build.0 = Release|Any CPU
		{615AB3E0-B3B7-40C6-AB7F-71840D8767B4}.Debug|Any CPU.ActiveCfg = Debug|Any CPU
		{615AB3E0-B3B7-40C6-AB7F-71840D8767B4}.Debug|Any CPU.Build.0 = Debug|Any CPU
		{615AB3E0-B3B7-40C6-AB7F-71840D8767B4}.Debug|ARM.ActiveCfg = Debug|ARM
		{615AB3E0-B3B7-40C6-AB7F-71840D8767B4}.Debug|ARM.Build.0 = Debug|ARM
		{615AB3E0-B3B7-40C6-AB7F-71840D8767B4}.Debug|ARM64.ActiveCfg = Debug|ARM64
		{615AB3E0-B3B7-40C6-AB7F-71840D8767B4}.Debug|ARM64.Build.0 = Debug|ARM64
		{615AB3E0-B3B7-40C6-AB7F-71840D8767B4}.Debug|x64.ActiveCfg = Debug|x64
		{615AB3E0-B3B7-40C6-AB7F-71840D8767B4}.Debug|x64.Build.0 = Debug|x64
		{615AB3E0-B3B7-40C6-AB7F-71840D8767B4}.Debug|x86.ActiveCfg = Debug|x86
		{615AB3E0-B3B7-40C6-AB7F-71840D8767B4}.Debug|x86.Build.0 = Debug|x86
		{615AB3E0-B3B7-40C6-AB7F-71840D8767B4}.Release|Any CPU.ActiveCfg = Release|Any CPU
		{615AB3E0-B3B7-40C6-AB7F-71840D8767B4}.Release|Any CPU.Build.0 = Release|Any CPU
		{615AB3E0-B3B7-40C6-AB7F-71840D8767B4}.Release|ARM.ActiveCfg = Release|ARM
		{615AB3E0-B3B7-40C6-AB7F-71840D8767B4}.Release|ARM.Build.0 = Release|ARM
		{615AB3E0-B3B7-40C6-AB7F-71840D8767B4}.Release|ARM64.ActiveCfg = Release|ARM64
		{615AB3E0-B3B7-40C6-AB7F-71840D8767B4}.Release|ARM64.Build.0 = Release|ARM64
		{615AB3E0-B3B7-40C6-AB7F-71840D8767B4}.Release|x64.ActiveCfg = Release|x64
		{615AB3E0-B3B7-40C6-AB7F-71840D8767B4}.Release|x64.Build.0 = Release|x64
		{615AB3E0-B3B7-40C6-AB7F-71840D8767B4}.Release|x86.ActiveCfg = Release|x86
		{615AB3E0-B3B7-40C6-AB7F-71840D8767B4}.Release|x86.Build.0 = Release|x86
		{FDF81231-E4AD-4FDE-912E-ECF5DDA79B63}.Debug|Any CPU.ActiveCfg = Debug|Any CPU
		{FDF81231-E4AD-4FDE-912E-ECF5DDA79B63}.Debug|Any CPU.Build.0 = Debug|Any CPU
		{FDF81231-E4AD-4FDE-912E-ECF5DDA79B63}.Debug|ARM.ActiveCfg = Debug|Any CPU
		{FDF81231-E4AD-4FDE-912E-ECF5DDA79B63}.Debug|ARM.Build.0 = Debug|Any CPU
		{FDF81231-E4AD-4FDE-912E-ECF5DDA79B63}.Debug|ARM64.ActiveCfg = Debug|Any CPU
		{FDF81231-E4AD-4FDE-912E-ECF5DDA79B63}.Debug|ARM64.Build.0 = Debug|Any CPU
		{FDF81231-E4AD-4FDE-912E-ECF5DDA79B63}.Debug|x64.ActiveCfg = Debug|Any CPU
		{FDF81231-E4AD-4FDE-912E-ECF5DDA79B63}.Debug|x64.Build.0 = Debug|Any CPU
		{FDF81231-E4AD-4FDE-912E-ECF5DDA79B63}.Debug|x86.ActiveCfg = Debug|Any CPU
		{FDF81231-E4AD-4FDE-912E-ECF5DDA79B63}.Debug|x86.Build.0 = Debug|Any CPU
		{FDF81231-E4AD-4FDE-912E-ECF5DDA79B63}.Release|Any CPU.ActiveCfg = Release|Any CPU
		{FDF81231-E4AD-4FDE-912E-ECF5DDA79B63}.Release|Any CPU.Build.0 = Release|Any CPU
		{FDF81231-E4AD-4FDE-912E-ECF5DDA79B63}.Release|ARM.ActiveCfg = Release|Any CPU
		{FDF81231-E4AD-4FDE-912E-ECF5DDA79B63}.Release|ARM.Build.0 = Release|Any CPU
		{FDF81231-E4AD-4FDE-912E-ECF5DDA79B63}.Release|ARM64.ActiveCfg = Release|Any CPU
		{FDF81231-E4AD-4FDE-912E-ECF5DDA79B63}.Release|ARM64.Build.0 = Release|Any CPU
		{FDF81231-E4AD-4FDE-912E-ECF5DDA79B63}.Release|x64.ActiveCfg = Release|Any CPU
		{FDF81231-E4AD-4FDE-912E-ECF5DDA79B63}.Release|x64.Build.0 = Release|Any CPU
		{FDF81231-E4AD-4FDE-912E-ECF5DDA79B63}.Release|x86.ActiveCfg = Release|Any CPU
		{FDF81231-E4AD-4FDE-912E-ECF5DDA79B63}.Release|x86.Build.0 = Release|Any CPU
		{71E6894A-E2A7-46D4-B1D1-9F913BE790FE}.Debug|Any CPU.ActiveCfg = Debug|Any CPU
		{71E6894A-E2A7-46D4-B1D1-9F913BE790FE}.Debug|Any CPU.Build.0 = Debug|Any CPU
		{71E6894A-E2A7-46D4-B1D1-9F913BE790FE}.Debug|ARM.ActiveCfg = Debug|ARM
		{71E6894A-E2A7-46D4-B1D1-9F913BE790FE}.Debug|ARM.Build.0 = Debug|ARM
		{71E6894A-E2A7-46D4-B1D1-9F913BE790FE}.Debug|ARM64.ActiveCfg = Debug|ARM64
		{71E6894A-E2A7-46D4-B1D1-9F913BE790FE}.Debug|ARM64.Build.0 = Debug|ARM64
		{71E6894A-E2A7-46D4-B1D1-9F913BE790FE}.Debug|x64.ActiveCfg = Debug|x64
		{71E6894A-E2A7-46D4-B1D1-9F913BE790FE}.Debug|x64.Build.0 = Debug|x64
		{71E6894A-E2A7-46D4-B1D1-9F913BE790FE}.Debug|x86.ActiveCfg = Debug|x86
		{71E6894A-E2A7-46D4-B1D1-9F913BE790FE}.Debug|x86.Build.0 = Debug|x86
		{71E6894A-E2A7-46D4-B1D1-9F913BE790FE}.Release|Any CPU.ActiveCfg = Release|Any CPU
		{71E6894A-E2A7-46D4-B1D1-9F913BE790FE}.Release|Any CPU.Build.0 = Release|Any CPU
		{71E6894A-E2A7-46D4-B1D1-9F913BE790FE}.Release|ARM.ActiveCfg = Release|ARM
		{71E6894A-E2A7-46D4-B1D1-9F913BE790FE}.Release|ARM.Build.0 = Release|ARM
		{71E6894A-E2A7-46D4-B1D1-9F913BE790FE}.Release|ARM64.ActiveCfg = Release|ARM64
		{71E6894A-E2A7-46D4-B1D1-9F913BE790FE}.Release|ARM64.Build.0 = Release|ARM64
		{71E6894A-E2A7-46D4-B1D1-9F913BE790FE}.Release|x64.ActiveCfg = Release|x64
		{71E6894A-E2A7-46D4-B1D1-9F913BE790FE}.Release|x64.Build.0 = Release|x64
		{71E6894A-E2A7-46D4-B1D1-9F913BE790FE}.Release|x86.ActiveCfg = Release|x86
		{71E6894A-E2A7-46D4-B1D1-9F913BE790FE}.Release|x86.Build.0 = Release|x86
		{D7AD1D29-6848-4BE1-8AF5-9608AB6AFE70}.Debug|Any CPU.ActiveCfg = Debug|Any CPU
		{D7AD1D29-6848-4BE1-8AF5-9608AB6AFE70}.Debug|Any CPU.Build.0 = Debug|Any CPU
		{D7AD1D29-6848-4BE1-8AF5-9608AB6AFE70}.Debug|ARM.ActiveCfg = Debug|Any CPU
		{D7AD1D29-6848-4BE1-8AF5-9608AB6AFE70}.Debug|ARM.Build.0 = Debug|Any CPU
		{D7AD1D29-6848-4BE1-8AF5-9608AB6AFE70}.Debug|ARM64.ActiveCfg = Debug|Any CPU
		{D7AD1D29-6848-4BE1-8AF5-9608AB6AFE70}.Debug|ARM64.Build.0 = Debug|Any CPU
		{D7AD1D29-6848-4BE1-8AF5-9608AB6AFE70}.Debug|x64.ActiveCfg = Debug|Any CPU
		{D7AD1D29-6848-4BE1-8AF5-9608AB6AFE70}.Debug|x64.Build.0 = Debug|Any CPU
		{D7AD1D29-6848-4BE1-8AF5-9608AB6AFE70}.Debug|x86.ActiveCfg = Debug|Any CPU
		{D7AD1D29-6848-4BE1-8AF5-9608AB6AFE70}.Debug|x86.Build.0 = Debug|Any CPU
		{D7AD1D29-6848-4BE1-8AF5-9608AB6AFE70}.Release|Any CPU.ActiveCfg = Release|Any CPU
		{D7AD1D29-6848-4BE1-8AF5-9608AB6AFE70}.Release|Any CPU.Build.0 = Release|Any CPU
		{D7AD1D29-6848-4BE1-8AF5-9608AB6AFE70}.Release|ARM.ActiveCfg = Release|Any CPU
		{D7AD1D29-6848-4BE1-8AF5-9608AB6AFE70}.Release|ARM.Build.0 = Release|Any CPU
		{D7AD1D29-6848-4BE1-8AF5-9608AB6AFE70}.Release|ARM64.ActiveCfg = Release|Any CPU
		{D7AD1D29-6848-4BE1-8AF5-9608AB6AFE70}.Release|ARM64.Build.0 = Release|Any CPU
		{D7AD1D29-6848-4BE1-8AF5-9608AB6AFE70}.Release|x64.ActiveCfg = Release|Any CPU
		{D7AD1D29-6848-4BE1-8AF5-9608AB6AFE70}.Release|x64.Build.0 = Release|Any CPU
		{D7AD1D29-6848-4BE1-8AF5-9608AB6AFE70}.Release|x86.ActiveCfg = Release|Any CPU
		{D7AD1D29-6848-4BE1-8AF5-9608AB6AFE70}.Release|x86.Build.0 = Release|Any CPU
		{6E2DD0C7-0292-4A72-B82E-6974F5676007}.Debug|Any CPU.ActiveCfg = Debug|Any CPU
		{6E2DD0C7-0292-4A72-B82E-6974F5676007}.Debug|Any CPU.Build.0 = Debug|Any CPU
		{6E2DD0C7-0292-4A72-B82E-6974F5676007}.Debug|ARM.ActiveCfg = Debug|ARM
		{6E2DD0C7-0292-4A72-B82E-6974F5676007}.Debug|ARM.Build.0 = Debug|ARM
		{6E2DD0C7-0292-4A72-B82E-6974F5676007}.Debug|ARM64.ActiveCfg = Debug|ARM64
		{6E2DD0C7-0292-4A72-B82E-6974F5676007}.Debug|ARM64.Build.0 = Debug|ARM64
		{6E2DD0C7-0292-4A72-B82E-6974F5676007}.Debug|x64.ActiveCfg = Debug|x64
		{6E2DD0C7-0292-4A72-B82E-6974F5676007}.Debug|x64.Build.0 = Debug|x64
		{6E2DD0C7-0292-4A72-B82E-6974F5676007}.Debug|x86.ActiveCfg = Debug|x86
		{6E2DD0C7-0292-4A72-B82E-6974F5676007}.Debug|x86.Build.0 = Debug|x86
		{6E2DD0C7-0292-4A72-B82E-6974F5676007}.Release|Any CPU.ActiveCfg = Release|Any CPU
		{6E2DD0C7-0292-4A72-B82E-6974F5676007}.Release|Any CPU.Build.0 = Release|Any CPU
		{6E2DD0C7-0292-4A72-B82E-6974F5676007}.Release|ARM.ActiveCfg = Release|ARM
		{6E2DD0C7-0292-4A72-B82E-6974F5676007}.Release|ARM.Build.0 = Release|ARM
		{6E2DD0C7-0292-4A72-B82E-6974F5676007}.Release|ARM64.ActiveCfg = Release|ARM64
		{6E2DD0C7-0292-4A72-B82E-6974F5676007}.Release|ARM64.Build.0 = Release|ARM64
		{6E2DD0C7-0292-4A72-B82E-6974F5676007}.Release|x64.ActiveCfg = Release|x64
		{6E2DD0C7-0292-4A72-B82E-6974F5676007}.Release|x64.Build.0 = Release|x64
		{6E2DD0C7-0292-4A72-B82E-6974F5676007}.Release|x86.ActiveCfg = Release|x86
		{6E2DD0C7-0292-4A72-B82E-6974F5676007}.Release|x86.Build.0 = Release|x86
		{02E5F80C-A413-4816-A249-426BA2EEDFF5}.Debug|Any CPU.ActiveCfg = Debug|Any CPU
		{02E5F80C-A413-4816-A249-426BA2EEDFF5}.Debug|Any CPU.Build.0 = Debug|Any CPU
		{02E5F80C-A413-4816-A249-426BA2EEDFF5}.Debug|ARM.ActiveCfg = Debug|Any CPU
		{02E5F80C-A413-4816-A249-426BA2EEDFF5}.Debug|ARM.Build.0 = Debug|Any CPU
		{02E5F80C-A413-4816-A249-426BA2EEDFF5}.Debug|ARM64.ActiveCfg = Debug|Any CPU
		{02E5F80C-A413-4816-A249-426BA2EEDFF5}.Debug|ARM64.Build.0 = Debug|Any CPU
		{02E5F80C-A413-4816-A249-426BA2EEDFF5}.Debug|x64.ActiveCfg = Debug|Any CPU
		{02E5F80C-A413-4816-A249-426BA2EEDFF5}.Debug|x64.Build.0 = Debug|Any CPU
		{02E5F80C-A413-4816-A249-426BA2EEDFF5}.Debug|x86.ActiveCfg = Debug|Any CPU
		{02E5F80C-A413-4816-A249-426BA2EEDFF5}.Debug|x86.Build.0 = Debug|Any CPU
		{02E5F80C-A413-4816-A249-426BA2EEDFF5}.Release|Any CPU.ActiveCfg = Release|Any CPU
		{02E5F80C-A413-4816-A249-426BA2EEDFF5}.Release|Any CPU.Build.0 = Release|Any CPU
		{02E5F80C-A413-4816-A249-426BA2EEDFF5}.Release|ARM.ActiveCfg = Release|Any CPU
		{02E5F80C-A413-4816-A249-426BA2EEDFF5}.Release|ARM.Build.0 = Release|Any CPU
		{02E5F80C-A413-4816-A249-426BA2EEDFF5}.Release|ARM64.ActiveCfg = Release|Any CPU
		{02E5F80C-A413-4816-A249-426BA2EEDFF5}.Release|ARM64.Build.0 = Release|Any CPU
		{02E5F80C-A413-4816-A249-426BA2EEDFF5}.Release|x64.ActiveCfg = Release|Any CPU
		{02E5F80C-A413-4816-A249-426BA2EEDFF5}.Release|x64.Build.0 = Release|Any CPU
		{02E5F80C-A413-4816-A249-426BA2EEDFF5}.Release|x86.ActiveCfg = Release|Any CPU
		{02E5F80C-A413-4816-A249-426BA2EEDFF5}.Release|x86.Build.0 = Release|Any CPU
	EndGlobalSection
	GlobalSection(SolutionProperties) = preSolution
		HideSolutionNode = FALSE
	EndGlobalSection
	GlobalSection(NestedProjects) = preSolution
		{D267017F-2C09-4CFA-84AE-DE4F432D06DD} = {AA790FA9-E9E9-438A-BA61-9AD25482528B}
		{596E950C-28FA-47C4-80DA-2749CD9B0D4B} = {AA790FA9-E9E9-438A-BA61-9AD25482528B}
		{89EA9EA0-9A77-4075-9B49-96BC5EED942F} = {AA790FA9-E9E9-438A-BA61-9AD25482528B}
		{9A90F802-C269-4ADB-86BC-6D6F1F6536FD} = {18532885-7B21-43F7-B917-57647A0BE8ED}
		{615AB3E0-B3B7-40C6-AB7F-71840D8767B4} = {9A90F802-C269-4ADB-86BC-6D6F1F6536FD}
		{AA790FA9-E9E9-438A-BA61-9AD25482528B} = {18532885-7B21-43F7-B917-57647A0BE8ED}
		{0B9A25F0-9B9F-4737-9446-90044A27D1B9} = {18532885-7B21-43F7-B917-57647A0BE8ED}
		{FDF81231-E4AD-4FDE-912E-ECF5DDA79B63} = {0B9A25F0-9B9F-4737-9446-90044A27D1B9}
		{71E6894A-E2A7-46D4-B1D1-9F913BE790FE} = {9A90F802-C269-4ADB-86BC-6D6F1F6536FD}
		{D7AD1D29-6848-4BE1-8AF5-9608AB6AFE70} = {0B9A25F0-9B9F-4737-9446-90044A27D1B9}
		{6E2DD0C7-0292-4A72-B82E-6974F5676007} = {9A90F802-C269-4ADB-86BC-6D6F1F6536FD}
		{02E5F80C-A413-4816-A249-426BA2EEDFF5} = {0B9A25F0-9B9F-4737-9446-90044A27D1B9}
	EndGlobalSection
	GlobalSection(ExtensibilityGlobals) = postSolution
		SolutionGuid = {80CC1F25-8757-4157-B4CF-94EF6A5449FC}
	EndGlobalSection
EndGlobal
