
Microsoft Visual Studio Solution File, Format Version 12.00
# Visual Studio Version 16
VisualStudioVersion = 16.0.31624.102
MinimumVisualStudioVersion = 10.0.40219.1
Project("{FAE04EC0-301F-11D3-BF4B-00C04F79EFBC}") = "FirebaseRepos", "FirebaseRepos\FirebaseRepos.csproj", "{BFFFC032-A26C-4638-88EB-C0B5FFB4ABC7}"
EndProject
Global
	GlobalSection(SolutionConfigurationPlatforms) = preSolution
		Debug|Any CPU = Debug|Any CPU
		Release|Any CPU = Release|Any CPU
	EndGlobalSection
	GlobalSection(ProjectConfigurationPlatforms) = postSolution
		{BFFFC032-A26C-4638-88EB-C0B5FFB4ABC7}.Debug|Any CPU.ActiveCfg = Debug|Any CPU
		{BFFFC032-A26C-4638-88EB-C0B5FFB4ABC7}.Debug|Any CPU.Build.0 = Debug|Any CPU
		{BFFFC032-A26C-4638-88EB-C0B5FFB4ABC7}.Release|Any CPU.ActiveCfg = Release|Any CPU
		{BFFFC032-A26C-4638-88EB-C0B5FFB4ABC7}.Release|Any CPU.Build.0 = Release|Any CPU
	EndGlobalSection
	GlobalSection(SolutionProperties) = preSolution
		HideSolutionNode = FALSE
	EndGlobalSection
	GlobalSection(ExtensibilityGlobals) = postSolution
		SolutionGuid = {80CC1F25-8757-4157-B4CF-94EF6A5449FC}
	EndGlobalSection
EndGlobal
